// !$*UTF8*$!
{
	archiveVersion = 1;
	classes = {
	};
	objectVersion = 46;
	objects = {

/* Begin PBXBuildFile section */
		CC43D1A41B85577400BE81A8 /* main.m in Sources */ = {isa = PBXBuildFile; fileRef = CC43D1A31B85577400BE81A8 /* main.m */; };
		CC43D1AC1B85579E00BE81A8 /* Student.m in Sources */ = {isa = PBXBuildFile; fileRef = CC43D1AB1B85579E00BE81A8 /* Student.m */; };
/* End PBXBuildFile section */

/* Begin PBXCopyFilesBuildPhase section */
		CC43D19E1B85577400BE81A8 /* CopyFiles */ = {
			isa = PBXCopyFilesBuildPhase;
			buildActionMask = 2147483647;
			dstPath = /usr/share/man/man1/;
			dstSubfolderSpec = 0;
			files = (
			);
			runOnlyForDeploymentPostprocessing = 1;
		};
/* End PBXCopyFilesBuildPhase section */

/* Begin PBXFileReference section */
		CC43D1A01B85577400BE81A8 /* testKVC */ = {isa = PBXFileReference; explicitFileType = "compiled.mach-o.executable"; includeInIndex = 0; path = testKVC; sourceTree = BUILT_PRODUCTS_DIR; };
		CC43D1A31B85577400BE81A8 /* main.m */ = {isa = PBXFileReference; lastKnownFileType = sourcecode.c.objc; path = main.m; sourceTree = "<group>"; };
		CC43D1AA1B85579E00BE81A8 /* Student.h */ = {isa = PBXFileReference; fileEncoding = 4; lastKnownFileType = sourcecode.c.h; path = Student.h; sourceTree = "<group>"; };
		CC43D1AB1B85579E00BE81A8 /* Student.m */ = {isa = PBXFileReference; fileEncoding = 4; lastKnownFileType = sourcecode.c.objc; path = Student.m; sourceTree = "<group>"; };
/* End PBXFileReference section */

/* Begin PBXFrameworksBuildPhase section */
		CC43D19D1B85577400BE81A8 /* Frameworks */ = {
			isa = PBXFrameworksBuildPhase;
			buildActionMask = 2147483647;
			files = (
			);
			runOnlyForDeploymentPostprocessing = 0;
		};
/* End PBXFrameworksBuildPhase section */

/* Begin PBXGroup section */
		CC43D1971B85577400BE81A8 = {
			isa = PBXGroup;
			children = (
				CC43D1A21B85577400BE81A8 /* testKVC */,
				CC43D1A11B85577400BE81A8 /* Products */,
			);
			sourceTree = "<group>";
		};
		CC43D1A11B85577400BE81A8 /* Products */ = {
			isa = PBXGroup;
			children = (
				CC43D1A01B85577400BE81A8 /* testKVC */,
			);
			name = Products;
			sourceTree = "<group>";
		};
		CC43D1A21B85577400BE81A8 /* testKVC */ = {
			isa = PBXGroup;
			children = (
				CC43D1A31B85577400BE81A8 /* main.m */,
				CC43D1AA1B85579E00BE81A8 /* Student.h */,
				CC43D1AB1B85579E00BE81A8 /* Student.m */,
			);
			path = testKVC;
			sourceTree = "<group>";
		};
/* End PBXGroup section */

/* Begin PBXNativeTarget section */
		CC43D19F1B85577400BE81A8 /* testKVC */ = {
			isa = PBXNativeTarget;
			buildConfigurationList = CC43D1A71B85577400BE81A8 /* Build configuration list for PBXNativeTarget "testKVC" */;
			buildPhases = (
				CC43D19C1B85577400BE81A8 /* Sources */,
				CC43D19D1B85577400BE81A8 /* Frameworks */,
				CC43D19E1B85577400BE81A8 /* CopyFiles */,
			);
			buildRules = (
			);
			dependencies = (
			);
			name = testKVC;
			productName = testKVC;
			productReference = CC43D1A01B85577400BE81A8 /* testKVC */;
			productType = "com.apple.product-type.tool";
		};
/* End PBXNativeTarget section */

/* Begin PBXProject section */
		CC43D1981B85577400BE81A8 /* Project object */ = {
			isa = PBXProject;
			attributes = {
				LastUpgradeCheck = 0640;
				ORGANIZATIONNAME = leyikao;
				TargetAttributes = {
					CC43D19F1B85577400BE81A8 = {
						CreatedOnToolsVersion = 6.4;
					};
				};
			};
			buildConfigurationList = CC43D19B1B85577400BE81A8 /* Build configuration list for PBXProject "testKVC" */;
			compatibilityVersion = "Xcode 3.2";
			developmentRegion = English;
			hasScannedForEncodings = 0;
			knownRegions = (
				en,
			);
			mainGroup = CC43D1971B85577400BE81A8;
			productRefGroup = CC43D1A11B85577400BE81A8 /* Products */;
			projectDirPath = "";
			projectRoot = "";
			targets = (
				CC43D19F1B85577400BE81A8 /* testKVC */,
			);
		};
/* End PBXProject section */

/* Begin PBXSourcesBuildPhase section */
		CC43D19C1B85577400BE81A8 /* Sources */ = {
			isa = PBXSourcesBuildPhase;
			buildActionMask = 2147483647;
			files = (
				CC43D1A41B85577400BE81A8 /* main.m in Sources */,
				CC43D1AC1B85579E00BE81A8 /* Student.m in Sources */,
			);
			runOnlyForDeploymentPostprocessing = 0;
		};
/* End PBXSourcesBuildPhase section */

/* Begin XCBuildConfiguration section */
		CC43D1A51B85577400BE81A8 /* Debug */ = {
			isa = XCBuildConfiguration;
			buildSettings = {
				ALWAYS_SEARCH_USER_PATHS = NO;
				CLANG_CXX_LANGUAGE_STANDARD = "gnu++0x";
				CLANG_CXX_LIBRARY = "libc++";
				CLANG_ENABLE_MODULES = YES;
				CLANG_ENABLE_OBJC_ARC = YES;
				CLANG_WARN_BOOL_CONVERSION = YES;
				CLANG_WARN_CONSTANT_CONVERSION = YES;
				CLANG_WARN_DIRECT_OBJC_ISA_USAGE = YES_ERROR;
				CLANG_WARN_EMPTY_BODY = YES;
				CLANG_WARN_ENUM_CONVERSION = YES;
				CLANG_WARN_INT_CONVERSION = YES;
				CLANG_WARN_OBJC_ROOT_CLASS = YES_ERROR;
				CLANG_WARN_UNREACHABLE_CODE = YES;
				CLANG_WARN__DUPLICATE_METHOD_MATCH = YES;
				COPY_PHASE_STRIP = NO;
				DEBUG_INFORMATION_FORMAT = dwarf;
				ENABLE_STRICT_OBJC_MSGSEND = YES;
				GCC_C_LANGUAGE_STANDARD = gnu99;
				GCC_DYNAMIC_NO_PIC = NO;
				GCC_NO_COMMON_BLOCKS = YES;
				GCC_OPTIMIZATION_LEVEL = 0;
				GCC_PREPROCESSOR_DEFINITIONS = (
					"DEBUG=1",
					"$(inherited)",
				);
				GCC_SYMBOLS_PRIVATE_EXTERN = NO;
				GCC_WARN_64_TO_32_BIT_CONVERSION = YES;
				GCC_WARN_ABOUT_RETURN_TYPE = YES_ERROR;
				GCC_WARN_UNDECLARED_SELECTOR = YES;
				GCC_WARN_UNINITIALIZED_AUTOS = YES_AGGRESSIVE;
				GCC_WARN_UNUSED_FUNCTION = YES;
				GCC_WARN_UNUSED_VARIABLE = YES;
				MACOSX_DEPLOYMENT_TARGET = 10.10;
				MTL_ENABLE_DEBUG_INFO = YES;
				ONLY_ACTIVE_ARCH = YES;
				SDKROOT = macosx;
			};
			name = Debug;
		};
		CC43D1A61B85577400BE81A8 /* Release */ = {
			isa = XCBuildConfiguration;
			buildSettings = {
				ALWAYS_SEARCH_USER_PATHS = NO;
				CLANG_CXX_LANGUAGE_STANDARD = "gnu++0x";
				CLANG_CXX_LIBRARY = "libc++";
				CLANG_ENABLE_MODULES = YES;
				CLANG_ENABLE_OBJC_ARC = YES;
				CLANG_WARN_BOOL_CONVERSION = YES;
				CLANG_WARN_CONSTANT_CONVERSION = YES;
				CLANG_WARN_DIRECT_OBJC_ISA_USAGE = YES_ERROR;
				CLANG_WARN_EMPTY_BODY = YES;
				CLANG_WARN_ENUM_CONVERSION = YES;
				CLANG_WARN_INT_CONVERSION = YES;
				CLANG_WARN_OBJC_ROOT_CLASS = YES_ERROR;
				CLANG_WARN_UNREACHABLE_CODE = YES;
				CLANG_WARN__DUPLICATE_METHOD_MATCH = YES;
				COPY_PHASE_STRIP = NO;
				DEBUG_INFORMATION_FORMAT = "dwarf-with-dsym";
				ENABLE_NS_ASSERTIONS = NO;
				ENABLE_STRICT_OBJC_MSGSEND = YES;
				GCC_C_LANGUAGE_STANDARD = gnu99;
				GCC_NO_COMMON_BLOCKS = YES;
				GCC_WARN_64_TO_32_BIT_CONVERSION = YES;
				GCC_WARN_ABOUT_RETURN_TYPE = YES_ERROR;
				GCC_WARN_UNDECLARED_SELECTOR = YES;
				GCC_WARN_UNINITIALIZED_AUTOS = YES_AGGRESSIVE;
				GCC_WARN_UNUSED_FUNCTION = YES;
				GCC_WARN_UNUSED_VARIABLE = YES;
				MACOSX_DEPLOYMENT_TARGET = 10.10;
				MTL_ENABLE_DEBUG_INFO = NO;
				SDKROOT = macosx;
			};
			name = Release;
		};
		CC43D1A81B85577400BE81A8 /* Debug */ = {
			isa = XCBuildConfiguration;
			buildSettings = {
				PRODUCT_NAME = "$(TARGET_NAME)";
			};
			name = Debug;
		};
		CC43D1A91B85577400BE81A8 /* Release */ = {
			isa = XCBuildConfiguration;
			buildSettings = {
				PRODUCT_NAME = "$(TARGET_NAME)";
			};
			name = Release;
		};
/* End XCBuildConfiguration section */

/* Begin XCConfigurationList section */
		CC43D19B1B85577400BE81A8 /* Build configuration list for PBXProject "testKVC" */ = {
			isa = XCConfigurationList;
			buildConfigurations = (
				CC43D1A51B85577400BE81A8 /* Debug */,
				CC43D1A61B85577400BE81A8 /* Release */,
			);
			defaultConfigurationIsVisible = 0;
			defaultConfigurationName = Release;
		};
		CC43D1A71B85577400BE81A8 /* Build configuration list for PBXNativeTarget "testKVC" */ = {
			isa = XCConfigurationList;
			buildConfigurations = (
				CC43D1A81B85577400BE81A8 /* Debug */,
				CC43D1A91B85577400BE81A8 /* Release */,
			);
			defaultConfigurationIsVisible = 0;
		};
/* End XCConfigurationList section */
	};
	rootObject = CC43D1981B85577400BE81A8 /* Project object */;
}
